# This file was autogenerated by Stack.
# You should not edit this file by hand.
# For more information, please see the documentation at:
#   https://docs.haskellstack.org/en/stable/lock_files

packages:
- completed:
    hackage: squeal-postgresql-0.7.0.1@sha256:dee79b7d3efa0ac62a84f4cbb8c8101f668efab8e38214e0214dd82a261cf4e1,5916
    pantry-tree:
      size: 5824
      sha256: abaa6e041a6fe0e92f96082bdbdc0037ccd61fc45c56b20c90e3c765ab3e48e7
  original:
    hackage: squeal-postgresql-0.7.0.1
- completed:
    name: honeycomb
    version: 0.1.0.0
    git: https://github.com/EarnestResearch/honeycomb-haskell.git
    pantry-tree:
      size: 3397
      sha256: 71b6d9fa90a1e155069648ee80fe71067af09d202f09fa22c4f4bd2c79066253
    commit: 11f70ec37a0b514843fcf7546b09e5b0b7181700
  original:
    git: https://github.com/EarnestResearch/honeycomb-haskell.git
    commit: 11f70ec37a0b514843fcf7546b09e5b0b7181700
- completed:
    name: honeycomb-wai
    version: 0.1.0.0
    git: https://github.com/EarnestResearch/honeycomb-wai-haskell.git
    pantry-tree:
      size: 787
      sha256: 0f7f5f3414ff7d339dccc3eb6d5194b5ff0fc53544db7323f39f4a6bec31a83c
    commit: 69a9078596b007bfa0fc5f48803fafe4670d1758
  original:
    git: https://github.com/EarnestResearch/honeycomb-wai-haskell.git
    commit: 69a9078596b007bfa0fc5f48803fafe4670d1758
- completed:
    hackage: wai-middleware-auth-0.2.3.1@sha256:4376a939132be7099e0d35683e1151d98c5cedd94a5f82c1ff164ce43d648532,4303
    pantry-tree:
      size: 1633
      sha256: 57afe4ae908c75554e69c34dcafb6efa8a17c3e7dc4cdc9fdb550793b5cc2020
  original:
    hackage: wai-middleware-auth-0.2.3.1@sha256:4376a939132be7099e0d35683e1151d98c5cedd94a5f82c1ff164ce43d648532,4303
- completed:
    hackage: roboservant-0.1.0.2@sha256:7b5e35ed416541322259a3c63f9a3c442c96fe8218d5f2100eac0aa0e1d1fdba,1840
    pantry-tree:
      size: 545
      sha256: 43d10ccd52278588f36753f26eb3ed78a1075b93149842e0d65df2fb5befa345
  original:
    hackage: roboservant-0.1.0.2@sha256:7b5e35ed416541322259a3c63f9a3c442c96fe8218d5f2100eac0aa0e1d1fdba,1840
- completed:
    hackage: servant-flatten-0.2@sha256:276896f7c5cdec5b8f8493f6205fded0cc602d050b58fdb09a6d7c85c3bb0837,1234
    pantry-tree:
      size: 325
      sha256: 04f12c7bef2c3f9a25d94eb9489752ed498db8e243069fe95838dbb51df1dcb3
  original:
    hackage: servant-flatten-0.2@sha256:276896f7c5cdec5b8f8493f6205fded0cc602d050b58fdb09a6d7c85c3bb0837,1234
- completed:
    name: servant-validate
    version: 0.1.0.0
    git: https://github.com/mwotton/servant-validate
    pantry-tree:
      size: 655
      sha256: ca68b9558bbdb122d5a3c336377438d50c1ea1ca96e62137d99948fc294c41e8
    commit: ec70369624203b66d042fb5dbf34d721c22b2208
  original:
    git: https://github.com/mwotton/servant-validate
    commit: ec70369624203b66d042fb5dbf34d721c22b2208
snapshots:
- completed:
    size: 532832
    url: https://raw.githubusercontent.com/commercialhaskell/stackage-snapshots/master/lts/16/23.yaml
    sha256: fbb2a0519008533924c7753bd7164ddd1009f09504eb06674acad6049b46db09
  original: lts-16.23
